// !$*UTF8*$!
{
	archiveVersion = 1;
	classes = {
	};
	objectVersion = 56;
	objects = {

/* Begin PBXBuildFile section */
		DD60F9FA299A74CB00E54C96 /* ExampleApp.swift in Sources */ = {isa = PBXBuildFile; fileRef = DD60F9F1299A74CB00E54C96 /* ExampleApp.swift */; };
		DD60F9FC299A74CB00E54C96 /* Assets.xcassets in Resources */ = {isa = PBXBuildFile; fileRef = DD60F9F4299A74CB00E54C96 /* Assets.xcassets */; };
		DD60F9FE299A74CB00E54C96 /* SceneDelegate.swift in Sources */ = {isa = PBXBuildFile; fileRef = DD60F9F6299A74CB00E54C96 /* SceneDelegate.swift */; };
		DD60F9FF299A74CB00E54C96 /* ExampleAppWindowGroup.swift in Sources */ = {isa = PBXBuildFile; fileRef = DD60F9F7299A74CB00E54C96 /* ExampleAppWindowGroup.swift */; };
		DD60FA01299A74CB00E54C96 /* ContentView.swift in Sources */ = {isa = PBXBuildFile; fileRef = DD60F9F9299A74CB00E54C96 /* ContentView.swift */; };
		DDAB7BCB29DFE8B4000AEF05 /* InteractiveImageView in Frameworks */ = {isa = PBXBuildFile; productRef = DDAB7BCA29DFE8B4000AEF05 /* InteractiveImageView */; };
		DDAB7BCD29DFE8BC000AEF05 /* InteractiveImageView in Frameworks */ = {isa = PBXBuildFile; productRef = DDAB7BCC29DFE8BC000AEF05 /* InteractiveImageView */; };
		DDCB94CA29E53ADB006B8695 /* Gestures in Frameworks */ = {isa = PBXBuildFile; productRef = DDCB94C929E53ADB006B8695 /* Gestures */; };
		DDCEFA63299A765D005E075B /* AppDelegate.swift in Sources */ = {isa = PBXBuildFile; fileRef = DDCEFA62299A765D005E075B /* AppDelegate.swift */; };
		DDCEFA65299A765D005E075B /* SceneDelegate.swift in Sources */ = {isa = PBXBuildFile; fileRef = DDCEFA64299A765D005E075B /* SceneDelegate.swift */; };
		DDCEFA67299A765D005E075B /* ViewController.swift in Sources */ = {isa = PBXBuildFile; fileRef = DDCEFA66299A765D005E075B /* ViewController.swift */; };
		DDCEFA6C299A765D005E075B /* Assets.xcassets in Resources */ = {isa = PBXBuildFile; fileRef = DDCEFA6B299A765D005E075B /* Assets.xcassets */; };
		DDCEFA6F299A765D005E075B /* LaunchScreen.storyboard in Resources */ = {isa = PBXBuildFile; fileRef = DDCEFA6D299A765D005E075B /* LaunchScreen.storyboard */; };
/* End PBXBuildFile section */

/* Begin PBXFileReference section */
		DD60F9F1299A74CB00E54C96 /* ExampleApp.swift */ = {isa = PBXFileReference; fileEncoding = 4; lastKnownFileType = sourcecode.swift; name = ExampleApp.swift; path = "Example-SwiftUI/ExampleApp.swift"; sourceTree = "<group>"; };
		DD60F9F4299A74CB00E54C96 /* Assets.xcassets */ = {isa = PBXFileReference; lastKnownFileType = folder.assetcatalog; name = Assets.xcassets; path = "Example-SwiftUI/Assets.xcassets"; sourceTree = "<group>"; };
		DD60F9F6299A74CB00E54C96 /* SceneDelegate.swift */ = {isa = PBXFileReference; fileEncoding = 4; lastKnownFileType = sourcecode.swift; name = SceneDelegate.swift; path = "Example-SwiftUI/SceneDelegate.swift"; sourceTree = "<group>"; };
		DD60F9F7299A74CB00E54C96 /* ExampleAppWindowGroup.swift */ = {isa = PBXFileReference; fileEncoding = 4; lastKnownFileType = sourcecode.swift; name = ExampleAppWindowGroup.swift; path = "Example-SwiftUI/ExampleAppWindowGroup.swift"; sourceTree = "<group>"; };
		DD60F9F8299A74CB00E54C96 /* Package.swift */ = {isa = PBXFileReference; fileEncoding = 4; lastKnownFileType = sourcecode.swift; name = Package.swift; path = "Example-SwiftUI/Package.swift"; sourceTree = "<group>"; };
		DD60F9F9299A74CB00E54C96 /* ContentView.swift */ = {isa = PBXFileReference; fileEncoding = 4; lastKnownFileType = sourcecode.swift; name = ContentView.swift; path = "Example-SwiftUI/ContentView.swift"; sourceTree = "<group>"; };
		DD7C71C42959964D0052011D /* Example-SwiftUI.app */ = {isa = PBXFileReference; explicitFileType = wrapper.application; includeInIndex = 0; path = "Example-SwiftUI.app"; sourceTree = BUILT_PRODUCTS_DIR; };
		DDAB7BC929DFE872000AEF05 /* InteractiveImageView */ = {isa = PBXFileReference; lastKnownFileType = wrapper; name = InteractiveImageView; path = ..; sourceTree = "<group>"; };
		DDCEFA5A299A75D9005E075B /* Info.plist */ = {isa = PBXFileReference; fileEncoding = 4; lastKnownFileType = text.plist.xml; name = Info.plist; path = "Example-SwiftUI/Info.plist"; sourceTree = "<group>"; };
		DDCEFA60299A765D005E075B /* Example-UIKit.app */ = {isa = PBXFileReference; explicitFileType = wrapper.application; includeInIndex = 0; path = "Example-UIKit.app"; sourceTree = BUILT_PRODUCTS_DIR; };
		DDCEFA62299A765D005E075B /* AppDelegate.swift */ = {isa = PBXFileReference; lastKnownFileType = sourcecode.swift; path = AppDelegate.swift; sourceTree = "<group>"; };
		DDCEFA64299A765D005E075B /* SceneDelegate.swift */ = {isa = PBXFileReference; lastKnownFileType = sourcecode.swift; path = SceneDelegate.swift; sourceTree = "<group>"; };
		DDCEFA66299A765D005E075B /* ViewController.swift */ = {isa = PBXFileReference; lastKnownFileType = sourcecode.swift; path = ViewController.swift; sourceTree = "<group>"; };
		DDCEFA6B299A765D005E075B /* Assets.xcassets */ = {isa = PBXFileReference; lastKnownFileType = folder.assetcatalog; path = Assets.xcassets; sourceTree = "<group>"; };
		DDCEFA6E299A765D005E075B /* Base */ = {isa = PBXFileReference; lastKnownFileType = file.storyboard; name = Base; path = Base.lproj/LaunchScreen.storyboard; sourceTree = "<group>"; };
		DDCEFA70299A765D005E075B /* Info.plist */ = {isa = PBXFileReference; lastKnownFileType = text.plist.xml; path = Info.plist; sourceTree = "<group>"; };
/* End PBXFileReference section */

/* Begin PBXFrameworksBuildPhase section */
		DD7C71C12959964D0052011D /* Frameworks */ = {
			isa = PBXFrameworksBuildPhase;
			buildActionMask = 2147483647;
			files = (
				DDCB94CA29E53ADB006B8695 /* Gestures in Frameworks */,
				DDAB7BCB29DFE8B4000AEF05 /* InteractiveImageView in Frameworks */,
			);
			runOnlyForDeploymentPostprocessing = 0;
		};
		DDCEFA5D299A765D005E075B /* Frameworks */ = {
			isa = PBXFrameworksBuildPhase;
			buildActionMask = 2147483647;
			files = (
				DDAB7BCD29DFE8BC000AEF05 /* InteractiveImageView in Frameworks */,
			);
			runOnlyForDeploymentPostprocessing = 0;
		};
/* End PBXFrameworksBuildPhase section */

/* Begin PBXGroup section */
		DD7C71BB2959964D0052011D = {
			isa = PBXGroup;
			children = (
				DDE23F33295996E9002E38B0 /* Packages */,
				DD7C71C62959964D0052011D /* Example-SwiftUI */,
				DDCEFA61299A765D005E075B /* Example-UIKit */,
				DD7C71C52959964D0052011D /* Products */,
				DDE23F3529599712002E38B0 /* Frameworks */,
			);
			sourceTree = "<group>";
		};
		DD7C71C52959964D0052011D /* Products */ = {
			isa = PBXGroup;
			children = (
				DD7C71C42959964D0052011D /* Example-SwiftUI.app */,
				DDCEFA60299A765D005E075B /* Example-UIKit.app */,
			);
			name = Products;
			sourceTree = "<group>";
		};
		DD7C71C62959964D0052011D /* Example-SwiftUI */ = {
			isa = PBXGroup;
			children = (
				DDCEFA5A299A75D9005E075B /* Info.plist */,
				DD60F9F4299A74CB00E54C96 /* Assets.xcassets */,
				DD60F9F9299A74CB00E54C96 /* ContentView.swift */,
				DD60F9F1299A74CB00E54C96 /* ExampleApp.swift */,
				DD60F9F7299A74CB00E54C96 /* ExampleAppWindowGroup.swift */,
				DD60F9F8299A74CB00E54C96 /* Package.swift */,
				DD60F9F6299A74CB00E54C96 /* SceneDelegate.swift */,
			);
			name = "Example-SwiftUI";
			sourceTree = "<group>";
		};
		DDCEFA61299A765D005E075B /* Example-UIKit */ = {
			isa = PBXGroup;
			children = (
				DDCEFA62299A765D005E075B /* AppDelegate.swift */,
				DDCEFA64299A765D005E075B /* SceneDelegate.swift */,
				DDCEFA66299A765D005E075B /* ViewController.swift */,
				DDCEFA6B299A765D005E075B /* Assets.xcassets */,
				DDCEFA6D299A765D005E075B /* LaunchScreen.storyboard */,
				DDCEFA70299A765D005E075B /* Info.plist */,
			);
			path = "Example-UIKit";
			sourceTree = "<group>";
		};
		DDE23F33295996E9002E38B0 /* Packages */ = {
			isa = PBXGroup;
			children = (
				DDAB7BC929DFE872000AEF05 /* InteractiveImageView */,
			);
			name = Packages;
			sourceTree = "<group>";
		};
		DDE23F3529599712002E38B0 /* Frameworks */ = {
			isa = PBXGroup;
			children = (
			);
			name = Frameworks;
			sourceTree = "<group>";
		};
/* End PBXGroup section */

/* Begin PBXNativeTarget section */
		DD7C71C32959964D0052011D /* Example-SwiftUI */ = {
			isa = PBXNativeTarget;
			buildConfigurationList = DD7C71D22959964E0052011D /* Build configuration list for PBXNativeTarget "Example-SwiftUI" */;
			buildPhases = (
				DD7C71C02959964D0052011D /* Sources */,
				DD7C71C12959964D0052011D /* Frameworks */,
				DD7C71C22959964D0052011D /* Resources */,
			);
			buildRules = (
			);
			dependencies = (
			);
			name = "Example-SwiftUI";
			packageProductDependencies = (
				DDAB7BCA29DFE8B4000AEF05 /* InteractiveImageView */,
				DDCB94C929E53ADB006B8695 /* Gestures */,
			);
			productName = Example;
			productReference = DD7C71C42959964D0052011D /* Example-SwiftUI.app */;
			productType = "com.apple.product-type.application";
		};
		DDCEFA5F299A765D005E075B /* Example-UIKit */ = {
			isa = PBXNativeTarget;
			buildConfigurationList = DDCEFA71299A765D005E075B /* Build configuration list for PBXNativeTarget "Example-UIKit" */;
			buildPhases = (
				DDCEFA5C299A765D005E075B /* Sources */,
				DDCEFA5D299A765D005E075B /* Frameworks */,
				DDCEFA5E299A765D005E075B /* Resources */,
			);
			buildRules = (
			);
			dependencies = (
			);
			name = "Example-UIKit";
			packageProductDependencies = (
				DDAB7BCC29DFE8BC000AEF05 /* InteractiveImageView */,
			);
			productName = "Example-UIKit";
			productReference = DDCEFA60299A765D005E075B /* Example-UIKit.app */;
			productType = "com.apple.product-type.application";
		};
/* End PBXNativeTarget section */

/* Begin PBXProject section */
		DD7C71BC2959964D0052011D /* Project object */ = {
			isa = PBXProject;
			attributes = {
				BuildIndependentTargetsInParallel = 1;
				LastSwiftUpdateCheck = 1420;
				LastUpgradeCheck = 1420;
				TargetAttributes = {
					DD7C71C32959964D0052011D = {
						CreatedOnToolsVersion = 14.2;
						LastSwiftMigration = 1420;
					};
					DDCEFA5F299A765D005E075B = {
						CreatedOnToolsVersion = 14.2;
					};
				};
			};
			buildConfigurationList = DD7C71BF2959964D0052011D /* Build configuration list for PBXProject "Example" */;
			compatibilityVersion = "Xcode 14.0";
			developmentRegion = en;
			hasScannedForEncodings = 0;
			knownRegions = (
				en,
				Base,
			);
			mainGroup = DD7C71BB2959964D0052011D;
			packageReferences = (
				DDCB94C829E53ADB006B8695 /* XCRemoteSwiftPackageReference "Gestures" */,
			);
			productRefGroup = DD7C71C52959964D0052011D /* Products */;
			projectDirPath = "";
			projectRoot = "";
			targets = (
				DD7C71C32959964D0052011D /* Example-SwiftUI */,
				DDCEFA5F299A765D005E075B /* Example-UIKit */,
			);
		};
/* End PBXProject section */

/* Begin PBXResourcesBuildPhase section */
		DD7C71C22959964D0052011D /* Resources */ = {
			isa = PBXResourcesBuildPhase;
			buildActionMask = 2147483647;
			files = (
				DD60F9FC299A74CB00E54C96 /* Assets.xcassets in Resources */,
			);
			runOnlyForDeploymentPostprocessing = 0;
		};
		DDCEFA5E299A765D005E075B /* Resources */ = {
			isa = PBXResourcesBuildPhase;
			buildActionMask = 2147483647;
			files = (
				DDCEFA6F299A765D005E075B /* LaunchScreen.storyboard in Resources */,
				DDCEFA6C299A765D005E075B /* Assets.xcassets in Resources */,
			);
			runOnlyForDeploymentPostprocessing = 0;
		};
/* End PBXResourcesBuildPhase section */

/* Begin PBXSourcesBuildPhase section */
		DD7C71C02959964D0052011D /* Sources */ = {
			isa = PBXSourcesBuildPhase;
			buildActionMask = 2147483647;
			files = (
				DD60FA01299A74CB00E54C96 /* ContentView.swift in Sources */,
				DD60F9FA299A74CB00E54C96 /* ExampleApp.swift in Sources */,
				DD60F9FF299A74CB00E54C96 /* ExampleAppWindowGroup.swift in Sources */,
				DD60F9FE299A74CB00E54C96 /* SceneDelegate.swift in Sources */,
			);
			runOnlyForDeploymentPostprocessing = 0;
		};
		DDCEFA5C299A765D005E075B /* Sources */ = {
			isa = PBXSourcesBuildPhase;
			buildActionMask = 2147483647;
			files = (
				DDCEFA67299A765D005E075B /* ViewController.swift in Sources */,
				DDCEFA63299A765D005E075B /* AppDelegate.swift in Sources */,
				DDCEFA65299A765D005E075B /* SceneDelegate.swift in Sources */,
			);
			runOnlyForDeploymentPostprocessing = 0;
		};
/* End PBXSourcesBuildPhase section */

/* Begin PBXVariantGroup section */
		DDCEFA6D299A765D005E075B /* LaunchScreen.storyboard */ = {
			isa = PBXVariantGroup;
			children = (
				DDCEFA6E299A765D005E075B /* Base */,
			);
			name = LaunchScreen.storyboard;
			sourceTree = "<group>";
		};
/* End PBXVariantGroup section */

/* Begin XCBuildConfiguration section */
		DD7C71D02959964E0052011D /* Debug */ = {
			isa = XCBuildConfiguration;
			buildSettings = {
				ALWAYS_SEARCH_USER_PATHS = NO;
				CLANG_ANALYZER_NONNULL = YES;
				CLANG_ANALYZER_NUMBER_OBJECT_CONVERSION = YES_AGGRESSIVE;
				CLANG_CXX_LANGUAGE_STANDARD = "gnu++20";
				CLANG_ENABLE_MODULES = YES;
				CLANG_ENABLE_OBJC_ARC = YES;
				CLANG_ENABLE_OBJC_WEAK = YES;
				CLANG_WARN_BLOCK_CAPTURE_AUTORELEASING = YES;
				CLANG_WARN_BOOL_CONVERSION = YES;
				CLANG_WARN_COMMA = YES;
				CLANG_WARN_CONSTANT_CONVERSION = YES;
				CLANG_WARN_DEPRECATED_OBJC_IMPLEMENTATIONS = YES;
				CLANG_WARN_DIRECT_OBJC_ISA_USAGE = YES_ERROR;
				CLANG_WARN_DOCUMENTATION_COMMENTS = YES;
				CLANG_WARN_EMPTY_BODY = YES;
				CLANG_WARN_ENUM_CONVERSION = YES;
				CLANG_WARN_INFINITE_RECURSION = YES;
				CLANG_WARN_INT_CONVERSION = YES;
				CLANG_WARN_NON_LITERAL_NULL_CONVERSION = YES;
				CLANG_WARN_OBJC_IMPLICIT_RETAIN_SELF = YES;
				CLANG_WARN_OBJC_LITERAL_CONVERSION = YES;
				CLANG_WARN_OBJC_ROOT_CLASS = YES_ERROR;
				CLANG_WARN_QUOTED_INCLUDE_IN_FRAMEWORK_HEADER = YES;
				CLANG_WARN_RANGE_LOOP_ANALYSIS = YES;
				CLANG_WARN_STRICT_PROTOTYPES = YES;
				CLANG_WARN_SUSPICIOUS_MOVE = YES;
				CLANG_WARN_UNGUARDED_AVAILABILITY = YES_AGGRESSIVE;
				CLANG_WARN_UNREACHABLE_CODE = YES;
				CLANG_WARN__DUPLICATE_METHOD_MATCH = YES;
				COPY_PHASE_STRIP = NO;
				DEBUG_INFORMATION_FORMAT = dwarf;
				ENABLE_STRICT_OBJC_MSGSEND = YES;
				ENABLE_TESTABILITY = YES;
				GCC_C_LANGUAGE_STANDARD = gnu11;
				GCC_DYNAMIC_NO_PIC = NO;
				GCC_NO_COMMON_BLOCKS = YES;
				GCC_OPTIMIZATION_LEVEL = 0;
				GCC_PREPROCESSOR_DEFINITIONS = (
					"DEBUG=1",
					"$(inherited)",
				);
				GCC_WARN_64_TO_32_BIT_CONVERSION = YES;
				GCC_WARN_ABOUT_RETURN_TYPE = YES_ERROR;
				GCC_WARN_UNDECLARED_SELECTOR = YES;
				GCC_WARN_UNINITIALIZED_AUTOS = YES_AGGRESSIVE;
				GCC_WARN_UNUSED_FUNCTION = YES;
				GCC_WARN_UNUSED_VARIABLE = YES;
				IPHONEOS_DEPLOYMENT_TARGET = 13.0;
				MTL_ENABLE_DEBUG_INFO = INCLUDE_SOURCE;
				MTL_FAST_MATH = YES;
				ONLY_ACTIVE_ARCH = YES;
				SDKROOT = iphoneos;
				SWIFT_ACTIVE_COMPILATION_CONDITIONS = DEBUG;
				SWIFT_OPTIMIZATION_LEVEL = "-Onone";
			};
			name = Debug;
		};
		DD7C71D12959964E0052011D /* Release */ = {
			isa = XCBuildConfiguration;
			buildSettings = {
				ALWAYS_SEARCH_USER_PATHS = NO;
				CLANG_ANALYZER_NONNULL = YES;
				CLANG_ANALYZER_NUMBER_OBJECT_CONVERSION = YES_AGGRESSIVE;
				CLANG_CXX_LANGUAGE_STANDARD = "gnu++20";
				CLANG_ENABLE_MODULES = YES;
				CLANG_ENABLE_OBJC_ARC = YES;
				CLANG_ENABLE_OBJC_WEAK = YES;
				CLANG_WARN_BLOCK_CAPTURE_AUTORELEASING = YES;
				CLANG_WARN_BOOL_CONVERSION = YES;
				CLANG_WARN_COMMA = YES;
				CLANG_WARN_CONSTANT_CONVERSION = YES;
				CLANG_WARN_DEPRECATED_OBJC_IMPLEMENTATIONS = YES;
				CLANG_WARN_DIRECT_OBJC_ISA_USAGE = YES_ERROR;
				CLANG_WARN_DOCUMENTATION_COMMENTS = YES;
				CLANG_WARN_EMPTY_BODY = YES;
				CLANG_WARN_ENUM_CONVERSION = YES;
				CLANG_WARN_INFINITE_RECURSION = YES;
				CLANG_WARN_INT_CONVERSION = YES;
				CLANG_WARN_NON_LITERAL_NULL_CONVERSION = YES;
				CLANG_WARN_OBJC_IMPLICIT_RETAIN_SELF = YES;
				CLANG_WARN_OBJC_LITERAL_CONVERSION = YES;
				CLANG_WARN_OBJC_ROOT_CLASS = YES_ERROR;
				CLANG_WARN_QUOTED_INCLUDE_IN_FRAMEWORK_HEADER = YES;
				CLANG_WARN_RANGE_LOOP_ANALYSIS = YES;
				CLANG_WARN_STRICT_PROTOTYPES = YES;
				CLANG_WARN_SUSPICIOUS_MOVE = YES;
				CLANG_WARN_UNGUARDED_AVAILABILITY = YES_AGGRESSIVE;
				CLANG_WARN_UNREACHABLE_CODE = YES;
				CLANG_WARN__DUPLICATE_METHOD_MATCH = YES;
				COPY_PHASE_STRIP = NO;
				DEBUG_INFORMATION_FORMAT = "dwarf-with-dsym";
				ENABLE_NS_ASSERTIONS = NO;
				ENABLE_STRICT_OBJC_MSGSEND = YES;
				GCC_C_LANGUAGE_STANDARD = gnu11;
				GCC_NO_COMMON_BLOCKS = YES;
				GCC_WARN_64_TO_32_BIT_CONVERSION = YES;
				GCC_WARN_ABOUT_RETURN_TYPE = YES_ERROR;
				GCC_WARN_UNDECLARED_SELECTOR = YES;
				GCC_WARN_UNINITIALIZED_AUTOS = YES_AGGRESSIVE;
				GCC_WARN_UNUSED_FUNCTION = YES;
				GCC_WARN_UNUSED_VARIABLE = YES;
				IPHONEOS_DEPLOYMENT_TARGET = 13.0;
				MTL_ENABLE_DEBUG_INFO = NO;
				MTL_FAST_MATH = YES;
				SDKROOT = iphoneos;
				SWIFT_COMPILATION_MODE = wholemodule;
				SWIFT_OPTIMIZATION_LEVEL = "-O";
				VALIDATE_PRODUCT = YES;
			};
			name = Release;
		};
		DD7C71D32959964E0052011D /* Debug */ = {
			isa = XCBuildConfiguration;
			buildSettings = {
				ASSETCATALOG_COMPILER_APPICON_NAME = AppIcon;
				ASSETCATALOG_COMPILER_GLOBAL_ACCENT_COLOR_NAME = AccentColor;
				CLANG_ENABLE_MODULES = YES;
				CODE_SIGN_STYLE = Automatic;
				CURRENT_PROJECT_VERSION = 1;
				DEVELOPMENT_TEAM = 35J7AXFYQT;
				GENERATE_INFOPLIST_FILE = YES;
				INFOPLIST_FILE = "Example-SwiftUI/Info.plist";
				INFOPLIST_KEY_UIApplicationSupportsIndirectInputEvents = YES;
				INFOPLIST_KEY_UILaunchScreen_Generation = YES;
				INFOPLIST_KEY_UISupportedInterfaceOrientations_iPad = "UIInterfaceOrientationPortrait UIInterfaceOrientationPortraitUpsideDown UIInterfaceOrientationLandscapeLeft UIInterfaceOrientationLandscapeRight";
				INFOPLIST_KEY_UISupportedInterfaceOrientations_iPhone = "UIInterfaceOrientationPortrait UIInterfaceOrientationLandscapeLeft UIInterfaceOrientationLandscapeRight";
				IPHONEOS_DEPLOYMENT_TARGET = 13.0;
				LD_RUNPATH_SEARCH_PATHS = (
					"$(inherited)",
					"@executable_path/Frameworks",
				);
				MARKETING_VERSION = 1.0;
				PRODUCT_BUNDLE_IDENTIFIER = com.gmail.vospennikov.Example;
				PRODUCT_NAME = "$(TARGET_NAME)";
				SWIFT_EMIT_LOC_STRINGS = YES;
				SWIFT_VERSION = 5.0;
				TARGETED_DEVICE_FAMILY = "1,2";
			};
			name = Debug;
		};
		DD7C71D42959964E0052011D /* Release */ = {
			isa = XCBuildConfiguration;
			buildSettings = {
				ASSETCATALOG_COMPILER_APPICON_NAME = AppIcon;
				ASSETCATALOG_COMPILER_GLOBAL_ACCENT_COLOR_NAME = AccentColor;
				CLANG_ENABLE_MODULES = YES;
				CODE_SIGN_STYLE = Automatic;
				CURRENT_PROJECT_VERSION = 1;
				DEVELOPMENT_TEAM = 35J7AXFYQT;
				GENERATE_INFOPLIST_FILE = YES;
				INFOPLIST_FILE = "Example-SwiftUI/Info.plist";
				INFOPLIST_KEY_UIApplicationSupportsIndirectInputEvents = YES;
				INFOPLIST_KEY_UILaunchScreen_Generation = YES;
				INFOPLIST_KEY_UISupportedInterfaceOrientations_iPad = "UIInterfaceOrientationPortrait UIInterfaceOrientationPortraitUpsideDown UIInterfaceOrientationLandscapeLeft UIInterfaceOrientationLandscapeRight";
				INFOPLIST_KEY_UISupportedInterfaceOrientations_iPhone = "UIInterfaceOrientationPortrait UIInterfaceOrientationLandscapeLeft UIInterfaceOrientationLandscapeRight";
				IPHONEOS_DEPLOYMENT_TARGET = 13.0;
				LD_RUNPATH_SEARCH_PATHS = (
					"$(inherited)",
					"@executable_path/Frameworks",
				);
				MARKETING_VERSION = 1.0;
				PRODUCT_BUNDLE_IDENTIFIER = com.gmail.vospennikov.Example;
				PRODUCT_NAME = "$(TARGET_NAME)";
				SWIFT_EMIT_LOC_STRINGS = YES;
				SWIFT_VERSION = 5.0;
				TARGETED_DEVICE_FAMILY = "1,2";
			};
			name = Release;
		};
		DDCEFA72299A765D005E075B /* Debug */ = {
			isa = XCBuildConfiguration;
			buildSettings = {
				ASSETCATALOG_COMPILER_APPICON_NAME = AppIcon;
				ASSETCATALOG_COMPILER_GLOBAL_ACCENT_COLOR_NAME = AccentColor;
				CODE_SIGN_STYLE = Automatic;
				CURRENT_PROJECT_VERSION = 1;
				GENERATE_INFOPLIST_FILE = YES;
				INFOPLIST_FILE = "Example-UIKit/Info.plist";
				INFOPLIST_KEY_UIApplicationSupportsIndirectInputEvents = YES;
				INFOPLIST_KEY_UILaunchStoryboardName = LaunchScreen;
				INFOPLIST_KEY_UISupportedInterfaceOrientations_iPad = "UIInterfaceOrientationPortrait UIInterfaceOrientationPortraitUpsideDown UIInterfaceOrientationLandscapeLeft UIInterfaceOrientationLandscapeRight";
				INFOPLIST_KEY_UISupportedInterfaceOrientations_iPhone = "UIInterfaceOrientationPortrait UIInterfaceOrientationLandscapeLeft UIInterfaceOrientationLandscapeRight";
				IPHONEOS_DEPLOYMENT_TARGET = 13.0;
				LD_RUNPATH_SEARCH_PATHS = (
					"$(inherited)",
					"@executable_path/Frameworks",
				);
				MARKETING_VERSION = 1.0;
				PRODUCT_BUNDLE_IDENTIFIER = "Cluster.Example-UIKit";
				PRODUCT_NAME = "$(TARGET_NAME)";
				SWIFT_EMIT_LOC_STRINGS = YES;
				SWIFT_VERSION = 5.0;
				TARGETED_DEVICE_FAMILY = "1,2";
			};
			name = Debug;
		};
		DDCEFA73299A765D005E075B /* Release */ = {
			isa = XCBuildConfiguration;
			buildSettings = {
				ASSETCATALOG_COMPILER_APPICON_NAME = AppIcon;
				ASSETCATALOG_COMPILER_GLOBAL_ACCENT_COLOR_NAME = AccentColor;
				CODE_SIGN_STYLE = Automatic;
				CURRENT_PROJECT_VERSION = 1;
				GENERATE_INFOPLIST_FILE = YES;
				INFOPLIST_FILE = "Example-UIKit/Info.plist";
				INFOPLIST_KEY_UIApplicationSupportsIndirectInputEvents = YES;
				INFOPLIST_KEY_UILaunchStoryboardName = LaunchScreen;
				INFOPLIST_KEY_UISupportedInterfaceOrientations_iPad = "UIInterfaceOrientationPortrait UIInterfaceOrientationPortraitUpsideDown UIInterfaceOrientationLandscapeLeft UIInterfaceOrientationLandscapeRight";
				INFOPLIST_KEY_UISupportedInterfaceOrientations_iPhone = "UIInterfaceOrientationPortrait UIInterfaceOrientationLandscapeLeft UIInterfaceOrientationLandscapeRight";
				IPHONEOS_DEPLOYMENT_TARGET = 13.0;
				LD_RUNPATH_SEARCH_PATHS = (
					"$(inherited)",
					"@executable_path/Frameworks",
				);
				MARKETING_VERSION = 1.0;
				PRODUCT_BUNDLE_IDENTIFIER = "Cluster.Example-UIKit";
				PRODUCT_NAME = "$(TARGET_NAME)";
				SWIFT_EMIT_LOC_STRINGS = YES;
				SWIFT_VERSION = 5.0;
				TARGETED_DEVICE_FAMILY = "1,2";
			};
			name = Release;
		};
/* End XCBuildConfiguration section */

/* Begin XCConfigurationList section */
		DD7C71BF2959964D0052011D /* Build configuration list for PBXProject "Example" */ = {
			isa = XCConfigurationList;
			buildConfigurations = (
				DD7C71D02959964E0052011D /* Debug */,
				DD7C71D12959964E0052011D /* Release */,
			);
			defaultConfigurationIsVisible = 0;
			defaultConfigurationName = Release;
		};
		DD7C71D22959964E0052011D /* Build configuration list for PBXNativeTarget "Example-SwiftUI" */ = {
			isa = XCConfigurationList;
			buildConfigurations = (
				DD7C71D32959964E0052011D /* Debug */,
				DD7C71D42959964E0052011D /* Release */,
			);
			defaultConfigurationIsVisible = 0;
			defaultConfigurationName = Release;
		};
		DDCEFA71299A765D005E075B /* Build configuration list for PBXNativeTarget "Example-UIKit" */ = {
			isa = XCConfigurationList;
			buildConfigurations = (
				DDCEFA72299A765D005E075B /* Debug */,
				DDCEFA73299A765D005E075B /* Release */,
			);
			defaultConfigurationIsVisible = 0;
			defaultConfigurationName = Release;
		};
/* End XCConfigurationList section */

/* Begin XCRemoteSwiftPackageReference section */
		DDCB94C829E53ADB006B8695 /* XCRemoteSwiftPackageReference "Gestures" */ = {
			isa = XCRemoteSwiftPackageReference;
			repositoryURL = "https://github.com/vospennikov/Gestures";
			requirement = {
				kind = upToNextMajorVersion;
				minimumVersion = 1.0.4;
			};
		};
/* End XCRemoteSwiftPackageReference section */

/* Begin XCSwiftPackageProductDependency section */
		DDAB7BCA29DFE8B4000AEF05 /* InteractiveImageView */ = {
			isa = XCSwiftPackageProductDependency;
			productName = InteractiveImageView;
		};
		DDAB7BCC29DFE8BC000AEF05 /* InteractiveImageView */ = {
			isa = XCSwiftPackageProductDependency;
			productName = InteractiveImageView;
		};
		DDCB94C929E53ADB006B8695 /* Gestures */ = {
			isa = XCSwiftPackageProductDependency;
			package = DDCB94C829E53ADB006B8695 /* XCRemoteSwiftPackageReference "Gestures" */;
			productName = Gestures;
		};
/* End XCSwiftPackageProductDependency section */
	};
	rootObject = DD7C71BC2959964D0052011D /* Project object */;
}
