{
  "pins" : [
    {
      "identity" : "gestures",
      "kind" : "remoteSourceControl",
      "location" : "https://github.com/vospennikov/Gestures.git",
      "state" : {
        "revision" : "a847b5d231637eafada1d4decf7cd70ef5bc166a",
        "version" : "1.0.2"
      }
    }
  ],
  "version" : 2
}
