{
  "pins" : [
    {
      "identity" : "gestures",
      "kind" : "remoteSourceControl",
      "location" : "https://github.com/vospennikov/Gestures.git",
      "state" : {
        "revision" : "9a193f35e5219ee8606fcf83b82abace9e236999",
        "version" : "1.0.3"
      }
    }
  ],
  "version" : 2
}
