{
  "pins" : [
    {
      "identity" : "gestures",
      "kind" : "remoteSourceControl",
      "location" : "https://github.com/vospennikov/Gestures.git",
      "state" : {
        "revision" : "0643b5287fdd994ea3041ebbce2174aa9598c458",
        "version" : "1.0.4"
      }
    }
  ],
  "version" : 2
}
